{
  "name": "not.interesting",
  "version": "1.0.0",
  "lockfileVersion": 3,
  "requires": true,
  "packages": {
    "": {
      "name": "not.interesting",
      "version": "1.0.0",
      "license": "ISC",
      "dependencies": {
        "ace-builds": "^1.23.4"
      }
    },
    "node_modules/ace-builds": {
      "version": "1.23.4",
      "resolved": "https://registry.npmjs.org/ace-builds/-/ace-builds-1.23.4.tgz",
      "integrity": "sha512-a4hKAT2T7KNUQC4LQPW2peuoEsZmLYTn4Dwjkh26A3Z+fQ8/fA2JZNs3V6CqvivhbyMQXQJD1u/0qTCoSS6deA=="
    }
  }
}
